
Microsoft Visual Studio Solution File, Format Version 12.00
# Visual Studio Version 16
VisualStudioVersion = 16.0.31129.286
MinimumVisualStudioVersion = 10.0.40219.1
Project("{FAE04EC0-301F-11D3-BF4B-00C04F79EFBC}") = "ASP.NETCoreRestAPI", "ASP.NETCoreRestAPI\ASP.NETCoreRestAPI.csproj", "{CE7617FF-3022-4B28-8E93-1D107B9847B2}"
EndProject
Project("{FAE04EC0-301F-11D3-BF4B-00C04F79EFBC}") = "ASP.NETCoreRestAPI.Data", "ASP.NETCoreRestAPI.Data\ASP.NETCoreRestAPI.Data.csproj", "{01F95DA4-3D45-4D00-B0D6-DF0DC00953FA}"
EndProject
Global
	GlobalSection(SolutionConfigurationPlatforms) = preSolution
		Debug|Any CPU = Debug|Any CPU
		Release|Any CPU = Release|Any CPU
	EndGlobalSection
	GlobalSection(ProjectConfigurationPlatforms) = postSolution
		{CE7617FF-3022-4B28-8E93-1D107B9847B2}.Debug|Any CPU.ActiveCfg = Debug|Any CPU
		{CE7617FF-3022-4B28-8E93-1D107B9847B2}.Debug|Any CPU.Build.0 = Debug|Any CPU
		{CE7617FF-3022-4B28-8E93-1D107B9847B2}.Release|Any CPU.ActiveCfg = Release|Any CPU
		{CE7617FF-3022-4B28-8E93-1D107B9847B2}.Release|Any CPU.Build.0 = Release|Any CPU
		{01F95DA4-3D45-4D00-B0D6-DF0DC00953FA}.Debug|Any CPU.ActiveCfg = Debug|Any CPU
		{01F95DA4-3D45-4D00-B0D6-DF0DC00953FA}.Debug|Any CPU.Build.0 = Debug|Any CPU
		{01F95DA4-3D45-4D00-B0D6-DF0DC00953FA}.Release|Any CPU.ActiveCfg = Release|Any CPU
		{01F95DA4-3D45-4D00-B0D6-DF0DC00953FA}.Release|Any CPU.Build.0 = Release|Any CPU
	EndGlobalSection
	GlobalSection(SolutionProperties) = preSolution
		HideSolutionNode = FALSE
	EndGlobalSection
	GlobalSection(ExtensibilityGlobals) = postSolution
		SolutionGuid = {82C1C19D-77FA-4500-902D-7D82A3B01F51}
	EndGlobalSection
EndGlobal
